
Microsoft Visual Studio Solution File, Format Version 12.00
# Visual Studio 2017
Project("{FAE04EC0-301F-11D3-BF4B-00C04F79EFBC}") = "madMaze.Plugins", "madMaze.Plugins.csproj", "{7BE1AF93-9419-DB87-2745-7866A41F39BC}"
EndProject
Project("{FAE04EC0-301F-11D3-BF4B-00C04F79EFBC}") = "madMaze.Editor.Plugins", "madMaze.Editor.Plugins.csproj", "{34B3D139-A4D6-7CD0-C10A-204A0100DD7A}"
EndProject
Global
	GlobalSection(SolutionConfigurationPlatforms) = preSolution
		Debug|Any CPU = Debug|Any CPU
		Release|Any CPU = Release|Any CPU
	EndGlobalSection
	GlobalSection(ProjectConfigurationPlatforms) = postSolution
		{7BE1AF93-9419-DB87-2745-7866A41F39BC}.Debug|Any CPU.ActiveCfg = Debug|Any CPU
		{7BE1AF93-9419-DB87-2745-7866A41F39BC}.Debug|Any CPU.Build.0 = Debug|Any CPU
		{7BE1AF93-9419-DB87-2745-7866A41F39BC}.Release|Any CPU.ActiveCfg = Release|Any CPU
		{7BE1AF93-9419-DB87-2745-7866A41F39BC}.Release|Any CPU.Build.0 = Release|Any CPU
		{34B3D139-A4D6-7CD0-C10A-204A0100DD7A}.Debug|Any CPU.ActiveCfg = Debug|Any CPU
		{34B3D139-A4D6-7CD0-C10A-204A0100DD7A}.Debug|Any CPU.Build.0 = Debug|Any CPU
		{34B3D139-A4D6-7CD0-C10A-204A0100DD7A}.Release|Any CPU.ActiveCfg = Release|Any CPU
		{34B3D139-A4D6-7CD0-C10A-204A0100DD7A}.Release|Any CPU.Build.0 = Release|Any CPU
	EndGlobalSection
	GlobalSection(SolutionProperties) = preSolution
		HideSolutionNode = FALSE
	EndGlobalSection
EndGlobal
